
Microsoft Visual Studio Solution File, Format Version 12.00
# Visual Studio Version 16
VisualStudioVersion = 16.0.31605.320
MinimumVisualStudioVersion = 10.0.40219.1
Project("{FAE04EC0-301F-11D3-BF4B-00C04F79EFBC}") = "SortedWords", "SortedWords\SortedWords.csproj", "{279FD3E3-304D-4219-BBBF-C42EE1CA7585}"
EndProject
Global
	GlobalSection(SolutionConfigurationPlatforms) = preSolution
		Debug|Any CPU = Debug|Any CPU
		Release|Any CPU = Release|Any CPU
	EndGlobalSection
	GlobalSection(ProjectConfigurationPlatforms) = postSolution
		{279FD3E3-304D-4219-BBBF-C42EE1CA7585}.Debug|Any CPU.ActiveCfg = Debug|Any CPU
		{279FD3E3-304D-4219-BBBF-C42EE1CA7585}.Debug|Any CPU.Build.0 = Debug|Any CPU
		{279FD3E3-304D-4219-BBBF-C42EE1CA7585}.Release|Any CPU.ActiveCfg = Release|Any CPU
		{279FD3E3-304D-4219-BBBF-C42EE1CA7585}.Release|Any CPU.Build.0 = Release|Any CPU
	EndGlobalSection
	GlobalSection(SolutionProperties) = preSolution
		HideSolutionNode = FALSE
	EndGlobalSection
	GlobalSection(ExtensibilityGlobals) = postSolution
		SolutionGuid = {0586FD3C-BBC2-403F-B4C4-697BEC0BA594}
	EndGlobalSection
EndGlobal
